// !$*UTF8*$!
{
	archiveVersion = 1;
	classes = {
	};
	objectVersion = 46;
	objects = {

/* Begin PBXBuildFile section */
		3A7763A31E04ABB800E966C6 /* PlaySoundsViewController-Audio.swift in Sources */ = {isa = PBXBuildFile; fileRef = 3A7763A21E04ABB800E966C6 /* PlaySoundsViewController-Audio.swift */; };
		3A89317F1D855E110019D602 /* PlaySoundsViewController.swift in Sources */ = {isa = PBXBuildFile; fileRef = 3A89317E1D855E110019D602 /* PlaySoundsViewController.swift */; };
		3AAC150B1D2119EC006FD8D4 /* AppDelegate.swift in Sources */ = {isa = PBXBuildFile; fileRef = 3AAC150A1D2119EC006FD8D4 /* AppDelegate.swift */; };
		3AAC150D1D2119EC006FD8D4 /* RecordSoundsViewController.swift in Sources */ = {isa = PBXBuildFile; fileRef = 3AAC150C1D2119EC006FD8D4 /* RecordSoundsViewController.swift */; };
		3AAC15101D2119EC006FD8D4 /* Main.storyboard in Resources */ = {isa = PBXBuildFile; fileRef = 3AAC150E1D2119EC006FD8D4 /* Main.storyboard */; };
		3AAC15121D2119EC006FD8D4 /* Assets.xcassets in Resources */ = {isa = PBXBuildFile; fileRef = 3AAC15111D2119EC006FD8D4 /* Assets.xcassets */; };
		3AAC15151D2119EC006FD8D4 /* LaunchScreen.storyboard in Resources */ = {isa = PBXBuildFile; fileRef = 3AAC15131D2119EC006FD8D4 /* LaunchScreen.storyboard */; };
		3AAC15201D2119EC006FD8D4 /* PitchPerfectTests.swift in Sources */ = {isa = PBXBuildFile; fileRef = 3AAC151F1D2119EC006FD8D4 /* PitchPerfectTests.swift */; };
		3AAC152B1D2119EC006FD8D4 /* PitchPerfectUITests.swift in Sources */ = {isa = PBXBuildFile; fileRef = 3AAC152A1D2119EC006FD8D4 /* PitchPerfectUITests.swift */; };
/* End PBXBuildFile section */

/* Begin PBXContainerItemProxy section */
		3AAC151C1D2119EC006FD8D4 /* PBXContainerItemProxy */ = {
			isa = PBXContainerItemProxy;
			containerPortal = 3AAC14FF1D2119EC006FD8D4 /* Project object */;
			proxyType = 1;
			remoteGlobalIDString = 3AAC15061D2119EC006FD8D4;
			remoteInfo = PitchPerfect;
		};
		3AAC15271D2119EC006FD8D4 /* PBXContainerItemProxy */ = {
			isa = PBXContainerItemProxy;
			containerPortal = 3AAC14FF1D2119EC006FD8D4 /* Project object */;
			proxyType = 1;
			remoteGlobalIDString = 3AAC15061D2119EC006FD8D4;
			remoteInfo = PitchPerfect;
		};
/* End PBXContainerItemProxy section */

/* Begin PBXFileReference section */
		3A7763A21E04ABB800E966C6 /* PlaySoundsViewController-Audio.swift */ = {isa = PBXFileReference; fileEncoding = 4; lastKnownFileType = sourcecode.swift; path = "PlaySoundsViewController-Audio.swift"; sourceTree = "<group>"; };
		3A89317E1D855E110019D602 /* PlaySoundsViewController.swift */ = {isa = PBXFileReference; fileEncoding = 4; lastKnownFileType = sourcecode.swift; path = PlaySoundsViewController.swift; sourceTree = "<group>"; };
		3AAC15071D2119EC006FD8D4 /* PitchPerfect.app */ = {isa = PBXFileReference; explicitFileType = wrapper.application; includeInIndex = 0; path = PitchPerfect.app; sourceTree = BUILT_PRODUCTS_DIR; };
		3AAC150A1D2119EC006FD8D4 /* AppDelegate.swift */ = {isa = PBXFileReference; lastKnownFileType = sourcecode.swift; path = AppDelegate.swift; sourceTree = "<group>"; };
		3AAC150C1D2119EC006FD8D4 /* RecordSoundsViewController.swift */ = {isa = PBXFileReference; lastKnownFileType = sourcecode.swift; path = RecordSoundsViewController.swift; sourceTree = "<group>"; };
		3AAC150F1D2119EC006FD8D4 /* Base */ = {isa = PBXFileReference; lastKnownFileType = file.storyboard; name = Base; path = Base.lproj/Main.storyboard; sourceTree = "<group>"; };
		3AAC15111D2119EC006FD8D4 /* Assets.xcassets */ = {isa = PBXFileReference; lastKnownFileType = folder.assetcatalog; path = Assets.xcassets; sourceTree = "<group>"; };
		3AAC15141D2119EC006FD8D4 /* Base */ = {isa = PBXFileReference; lastKnownFileType = file.storyboard; name = Base; path = Base.lproj/LaunchScreen.storyboard; sourceTree = "<group>"; };
		3AAC15161D2119EC006FD8D4 /* Info.plist */ = {isa = PBXFileReference; lastKnownFileType = text.plist.xml; path = Info.plist; sourceTree = "<group>"; };
		3AAC151B1D2119EC006FD8D4 /* PitchPerfectTests.xctest */ = {isa = PBXFileReference; explicitFileType = wrapper.cfbundle; includeInIndex = 0; path = PitchPerfectTests.xctest; sourceTree = BUILT_PRODUCTS_DIR; };
		3AAC151F1D2119EC006FD8D4 /* PitchPerfectTests.swift */ = {isa = PBXFileReference; lastKnownFileType = sourcecode.swift; path = PitchPerfectTests.swift; sourceTree = "<group>"; };
		3AAC15211D2119EC006FD8D4 /* Info.plist */ = {isa = PBXFileReference; lastKnownFileType = text.plist.xml; path = Info.plist; sourceTree = "<group>"; };
		3AAC15261D2119EC006FD8D4 /* PitchPerfectUITests.xctest */ = {isa = PBXFileReference; explicitFileType = wrapper.cfbundle; includeInIndex = 0; path = PitchPerfectUITests.xctest; sourceTree = BUILT_PRODUCTS_DIR; };
		3AAC152A1D2119EC006FD8D4 /* PitchPerfectUITests.swift */ = {isa = PBXFileReference; lastKnownFileType = sourcecode.swift; path = PitchPerfectUITests.swift; sourceTree = "<group>"; };
		3AAC152C1D2119EC006FD8D4 /* Info.plist */ = {isa = PBXFileReference; lastKnownFileType = text.plist.xml; path = Info.plist; sourceTree = "<group>"; };
/* End PBXFileReference section */

/* Begin PBXFrameworksBuildPhase section */
		3AAC15041D2119EC006FD8D4 /* Frameworks */ = {
			isa = PBXFrameworksBuildPhase;
			buildActionMask = 2147483647;
			files = (
			);
			runOnlyForDeploymentPostprocessing = 0;
		};
		3AAC15181D2119EC006FD8D4 /* Frameworks */ = {
			isa = PBXFrameworksBuildPhase;
			buildActionMask = 2147483647;
			files = (
			);
			runOnlyForDeploymentPostprocessing = 0;
		};
		3AAC15231D2119EC006FD8D4 /* Frameworks */ = {
			isa = PBXFrameworksBuildPhase;
			buildActionMask = 2147483647;
			files = (
			);
			runOnlyForDeploymentPostprocessing = 0;
		};
/* End PBXFrameworksBuildPhase section */

/* Begin PBXGroup section */
		3AAC14FE1D2119EC006FD8D4 = {
			isa = PBXGroup;
			children = (
				3AAC15091D2119EC006FD8D4 /* PitchPerfect */,
				3AAC151E1D2119EC006FD8D4 /* PitchPerfectTests */,
				3AAC15291D2119EC006FD8D4 /* PitchPerfectUITests */,
				3AAC15081D2119EC006FD8D4 /* Products */,
			);
			sourceTree = "<group>";
		};
		3AAC15081D2119EC006FD8D4 /* Products */ = {
			isa = PBXGroup;
			children = (
				3AAC15071D2119EC006FD8D4 /* PitchPerfect.app */,
				3AAC151B1D2119EC006FD8D4 /* PitchPerfectTests.xctest */,
				3AAC15261D2119EC006FD8D4 /* PitchPerfectUITests.xctest */,
			);
			name = Products;
			sourceTree = "<group>";
		};
		3AAC15091D2119EC006FD8D4 /* PitchPerfect */ = {
			isa = PBXGroup;
			children = (
				3AAC150A1D2119EC006FD8D4 /* AppDelegate.swift */,
				3AAC150C1D2119EC006FD8D4 /* RecordSoundsViewController.swift */,
				3AAC150E1D2119EC006FD8D4 /* Main.storyboard */,
				3A89317E1D855E110019D602 /* PlaySoundsViewController.swift */,
				3AAC15111D2119EC006FD8D4 /* Assets.xcassets */,
				3AAC15131D2119EC006FD8D4 /* LaunchScreen.storyboard */,
				3AAC15161D2119EC006FD8D4 /* Info.plist */,
				3A7763A21E04ABB800E966C6 /* PlaySoundsViewController-Audio.swift */,
			);
			path = PitchPerfect;
			sourceTree = "<group>";
		};
		3AAC151E1D2119EC006FD8D4 /* PitchPerfectTests */ = {
			isa = PBXGroup;
			children = (
				3AAC151F1D2119EC006FD8D4 /* PitchPerfectTests.swift */,
				3AAC15211D2119EC006FD8D4 /* Info.plist */,
			);
			path = PitchPerfectTests;
			sourceTree = "<group>";
		};
		3AAC15291D2119EC006FD8D4 /* PitchPerfectUITests */ = {
			isa = PBXGroup;
			children = (
				3AAC152A1D2119EC006FD8D4 /* PitchPerfectUITests.swift */,
				3AAC152C1D2119EC006FD8D4 /* Info.plist */,
			);
			path = PitchPerfectUITests;
			sourceTree = "<group>";
		};
/* End PBXGroup section */

/* Begin PBXNativeTarget section */
		3AAC15061D2119EC006FD8D4 /* PitchPerfect */ = {
			isa = PBXNativeTarget;
			buildConfigurationList = 3AAC152F1D2119EC006FD8D4 /* Build configuration list for PBXNativeTarget "PitchPerfect" */;
			buildPhases = (
				3AAC15031D2119EC006FD8D4 /* Sources */,
				3AAC15041D2119EC006FD8D4 /* Frameworks */,
				3AAC15051D2119EC006FD8D4 /* Resources */,
			);
			buildRules = (
			);
			dependencies = (
			);
			name = PitchPerfect;
			productName = PitchPerfect;
			productReference = 3AAC15071D2119EC006FD8D4 /* PitchPerfect.app */;
			productType = "com.apple.product-type.application";
		};
		3AAC151A1D2119EC006FD8D4 /* PitchPerfectTests */ = {
			isa = PBXNativeTarget;
			buildConfigurationList = 3AAC15321D2119EC006FD8D4 /* Build configuration list for PBXNativeTarget "PitchPerfectTests" */;
			buildPhases = (
				3AAC15171D2119EC006FD8D4 /* Sources */,
				3AAC15181D2119EC006FD8D4 /* Frameworks */,
				3AAC15191D2119EC006FD8D4 /* Resources */,
			);
			buildRules = (
			);
			dependencies = (
				3AAC151D1D2119EC006FD8D4 /* PBXTargetDependency */,
			);
			name = PitchPerfectTests;
			productName = PitchPerfectTests;
			productReference = 3AAC151B1D2119EC006FD8D4 /* PitchPerfectTests.xctest */;
			productType = "com.apple.product-type.bundle.unit-test";
		};
		3AAC15251D2119EC006FD8D4 /* PitchPerfectUITests */ = {
			isa = PBXNativeTarget;
			buildConfigurationList = 3AAC15351D2119EC006FD8D4 /* Build configuration list for PBXNativeTarget "PitchPerfectUITests" */;
			buildPhases = (
				3AAC15221D2119EC006FD8D4 /* Sources */,
				3AAC15231D2119EC006FD8D4 /* Frameworks */,
				3AAC15241D2119EC006FD8D4 /* Resources */,
			);
			buildRules = (
			);
			dependencies = (
				3AAC15281D2119EC006FD8D4 /* PBXTargetDependency */,
			);
			name = PitchPerfectUITests;
			productName = PitchPerfectUITests;
			productReference = 3AAC15261D2119EC006FD8D4 /* PitchPerfectUITests.xctest */;
			productType = "com.apple.product-type.bundle.ui-testing";
		};
/* End PBXNativeTarget section */

/* Begin PBXProject section */
		3AAC14FF1D2119EC006FD8D4 /* Project object */ = {
			isa = PBXProject;
			attributes = {
				LastSwiftUpdateCheck = 0730;
				LastUpgradeCheck = 0820;
				ORGANIZATIONNAME = "Patel, Pratik";
				TargetAttributes = {
					3AAC15061D2119EC006FD8D4 = {
						CreatedOnToolsVersion = 7.3.1;
						LastSwiftMigration = 0810;
					};
					3AAC151A1D2119EC006FD8D4 = {
						CreatedOnToolsVersion = 7.3.1;
						LastSwiftMigration = 0810;
						TestTargetID = 3AAC15061D2119EC006FD8D4;
					};
					3AAC15251D2119EC006FD8D4 = {
						CreatedOnToolsVersion = 7.3.1;
						LastSwiftMigration = 0810;
						TestTargetID = 3AAC15061D2119EC006FD8D4;
					};
				};
			};
			buildConfigurationList = 3AAC15021D2119EC006FD8D4 /* Build configuration list for PBXProject "PitchPerfect" */;
			compatibilityVersion = "Xcode 3.2";
			developmentRegion = English;
			hasScannedForEncodings = 0;
			knownRegions = (
				en,
				Base,
			);
			mainGroup = 3AAC14FE1D2119EC006FD8D4;
			productRefGroup = 3AAC15081D2119EC006FD8D4 /* Products */;
			projectDirPath = "";
			projectRoot = "";
			targets = (
				3AAC15061D2119EC006FD8D4 /* PitchPerfect */,
				3AAC151A1D2119EC006FD8D4 /* PitchPerfectTests */,
				3AAC15251D2119EC006FD8D4 /* PitchPerfectUITests */,
			);
		};
/* End PBXProject section */

/* Begin PBXResourcesBuildPhase section */
		3AAC15051D2119EC006FD8D4 /* Resources */ = {
			isa = PBXResourcesBuildPhase;
			buildActionMask = 2147483647;
			files = (
				3AAC15151D2119EC006FD8D4 /* LaunchScreen.storyboard in Resources */,
				3AAC15121D2119EC006FD8D4 /* Assets.xcassets in Resources */,
				3AAC15101D2119EC006FD8D4 /* Main.storyboard in Resources */,
			);
			runOnlyForDeploymentPostprocessing = 0;
		};
		3AAC15191D2119EC006FD8D4 /* Resources */ = {
			isa = PBXResourcesBuildPhase;
			buildActionMask = 2147483647;
			files = (
			);
			runOnlyForDeploymentPostprocessing = 0;
		};
		3AAC15241D2119EC006FD8D4 /* Resources */ = {
			isa = PBXResourcesBuildPhase;
			buildActionMask = 2147483647;
			files = (
			);
			runOnlyForDeploymentPostprocessing = 0;
		};
/* End PBXResourcesBuildPhase section */

/* Begin PBXSourcesBuildPhase section */
		3AAC15031D2119EC006FD8D4 /* Sources */ = {
			isa = PBXSourcesBuildPhase;
			buildActionMask = 2147483647;
			files = (
				3AAC150D1D2119EC006FD8D4 /* RecordSoundsViewController.swift in Sources */,
				3A89317F1D855E110019D602 /* PlaySoundsViewController.swift in Sources */,
				3AAC150B1D2119EC006FD8D4 /* AppDelegate.swift in Sources */,
				3A7763A31E04ABB800E966C6 /* PlaySoundsViewController-Audio.swift in Sources */,
			);
			runOnlyForDeploymentPostprocessing = 0;
		};
		3AAC15171D2119EC006FD8D4 /* Sources */ = {
			isa = PBXSourcesBuildPhase;
			buildActionMask = 2147483647;
			files = (
				3AAC15201D2119EC006FD8D4 /* PitchPerfectTests.swift in Sources */,
			);
			runOnlyForDeploymentPostprocessing = 0;
		};
		3AAC15221D2119EC006FD8D4 /* Sources */ = {
			isa = PBXSourcesBuildPhase;
			buildActionMask = 2147483647;
			files = (
				3AAC152B1D2119EC006FD8D4 /* PitchPerfectUITests.swift in Sources */,
			);
			runOnlyForDeploymentPostprocessing = 0;
		};
/* End PBXSourcesBuildPhase section */

/* Begin PBXTargetDependency section */
		3AAC151D1D2119EC006FD8D4 /* PBXTargetDependency */ = {
			isa = PBXTargetDependency;
			target = 3AAC15061D2119EC006FD8D4 /* PitchPerfect */;
			targetProxy = 3AAC151C1D2119EC006FD8D4 /* PBXContainerItemProxy */;
		};
		3AAC15281D2119EC006FD8D4 /* PBXTargetDependency */ = {
			isa = PBXTargetDependency;
			target = 3AAC15061D2119EC006FD8D4 /* PitchPerfect */;
			targetProxy = 3AAC15271D2119EC006FD8D4 /* PBXContainerItemProxy */;
		};
/* End PBXTargetDependency section */

/* Begin PBXVariantGroup section */
		3AAC150E1D2119EC006FD8D4 /* Main.storyboard */ = {
			isa = PBXVariantGroup;
			children = (
				3AAC150F1D2119EC006FD8D4 /* Base */,
			);
			name = Main.storyboard;
			sourceTree = "<group>";
		};
		3AAC15131D2119EC006FD8D4 /* LaunchScreen.storyboard */ = {
			isa = PBXVariantGroup;
			children = (
				3AAC15141D2119EC006FD8D4 /* Base */,
			);
			name = LaunchScreen.storyboard;
			sourceTree = "<group>";
		};
/* End PBXVariantGroup section */

/* Begin XCBuildConfiguration section */
		3AAC152D1D2119EC006FD8D4 /* Debug */ = {
			isa = XCBuildConfiguration;
			buildSettings = {
				ALWAYS_SEARCH_USER_PATHS = NO;
				CLANG_ANALYZER_NONNULL = YES;
				CLANG_CXX_LANGUAGE_STANDARD = "gnu++0x";
				CLANG_CXX_LIBRARY = "libc++";
				CLANG_ENABLE_MODULES = YES;
				CLANG_ENABLE_OBJC_ARC = YES;
				CLANG_WARN_BOOL_CONVERSION = YES;
				CLANG_WARN_CONSTANT_CONVERSION = YES;
				CLANG_WARN_DIRECT_OBJC_ISA_USAGE = YES_ERROR;
				CLANG_WARN_EMPTY_BODY = YES;
				CLANG_WARN_ENUM_CONVERSION = YES;
				CLANG_WARN_INFINITE_RECURSION = YES;
				CLANG_WARN_INT_CONVERSION = YES;
				CLANG_WARN_OBJC_ROOT_CLASS = YES_ERROR;
				CLANG_WARN_SUSPICIOUS_MOVE = YES;
				CLANG_WARN_UNREACHABLE_CODE = YES;
				CLANG_WARN__DUPLICATE_METHOD_MATCH = YES;
				"CODE_SIGN_IDENTITY[sdk=iphoneos*]" = "iPhone Developer";
				COPY_PHASE_STRIP = NO;
				DEBUG_INFORMATION_FORMAT = dwarf;
				ENABLE_STRICT_OBJC_MSGSEND = YES;
				ENABLE_TESTABILITY = YES;
				GCC_C_LANGUAGE_STANDARD = gnu99;
				GCC_DYNAMIC_NO_PIC = NO;
				GCC_NO_COMMON_BLOCKS = YES;
				GCC_OPTIMIZATION_LEVEL = 0;
				GCC_PREPROCESSOR_DEFINITIONS = (
					"DEBUG=1",
					"$(inherited)",
				);
				GCC_WARN_64_TO_32_BIT_CONVERSION = YES;
				GCC_WARN_ABOUT_RETURN_TYPE = YES_ERROR;
				GCC_WARN_UNDECLARED_SELECTOR = YES;
				GCC_WARN_UNINITIALIZED_AUTOS = YES_AGGRESSIVE;
				GCC_WARN_UNUSED_FUNCTION = YES;
				GCC_WARN_UNUSED_VARIABLE = YES;
				IPHONEOS_DEPLOYMENT_TARGET = 9.3;
				MTL_ENABLE_DEBUG_INFO = YES;
				ONLY_ACTIVE_ARCH = YES;
				SDKROOT = iphoneos;
				SWIFT_OPTIMIZATION_LEVEL = "-Onone";
				TARGETED_DEVICE_FAMILY = "1,2";
			};
			name = Debug;
		};
		3AAC152E1D2119EC006FD8D4 /* Release */ = {
			isa = XCBuildConfiguration;
			buildSettings = {
				ALWAYS_SEARCH_USER_PATHS = NO;
				CLANG_ANALYZER_NONNULL = YES;
				CLANG_CXX_LANGUAGE_STANDARD = "gnu++0x";
				CLANG_CXX_LIBRARY = "libc++";
				CLANG_ENABLE_MODULES = YES;
				CLANG_ENABLE_OBJC_ARC = YES;
				CLANG_WARN_BOOL_CONVERSION = YES;
				CLANG_WARN_CONSTANT_CONVERSION = YES;
				CLANG_WARN_DIRECT_OBJC_ISA_USAGE = YES_ERROR;
				CLANG_WARN_EMPTY_BODY = YES;
				CLANG_WARN_ENUM_CONVERSION = YES;
				CLANG_WARN_INFINITE_RECURSION = YES;
				CLANG_WARN_INT_CONVERSION = YES;
				CLANG_WARN_OBJC_ROOT_CLASS = YES_ERROR;
				CLANG_WARN_SUSPICIOUS_MOVE = YES;
				CLANG_WARN_UNREACHABLE_CODE = YES;
				CLANG_WARN__DUPLICATE_METHOD_MATCH = YES;
				"CODE_SIGN_IDENTITY[sdk=iphoneos*]" = "iPhone Developer";
				COPY_PHASE_STRIP = NO;
				DEBUG_INFORMATION_FORMAT = "dwarf-with-dsym";
				ENABLE_NS_ASSERTIONS = NO;
				ENABLE_STRICT_OBJC_MSGSEND = YES;
				GCC_C_LANGUAGE_STANDARD = gnu99;
				GCC_NO_COMMON_BLOCKS = YES;
				GCC_WARN_64_TO_32_BIT_CONVERSION = YES;
				GCC_WARN_ABOUT_RETURN_TYPE = YES_ERROR;
				GCC_WARN_UNDECLARED_SELECTOR = YES;
				GCC_WARN_UNINITIALIZED_AUTOS = YES_AGGRESSIVE;
				GCC_WARN_UNUSED_FUNCTION = YES;
				GCC_WARN_UNUSED_VARIABLE = YES;
				IPHONEOS_DEPLOYMENT_TARGET = 9.3;
				MTL_ENABLE_DEBUG_INFO = NO;
				SDKROOT = iphoneos;
				SWIFT_OPTIMIZATION_LEVEL = "-Owholemodule";
				TARGETED_DEVICE_FAMILY = "1,2";
				VALIDATE_PRODUCT = YES;
			};
			name = Release;
		};
		3AAC15301D2119EC006FD8D4 /* Debug */ = {
			isa = XCBuildConfiguration;
			buildSettings = {
				ASSETCATALOG_COMPILER_APPICON_NAME = AppIcon;
				INFOPLIST_FILE = PitchPerfect/Info.plist;
				LD_RUNPATH_SEARCH_PATHS = "$(inherited) @executable_path/Frameworks";
				PRODUCT_BUNDLE_IDENTIFIER = com.pratikpatel.PitchPerfect;
				PRODUCT_NAME = "$(TARGET_NAME)";
				SWIFT_VERSION = 3.0;
			};
			name = Debug;
		};
		3AAC15311D2119EC006FD8D4 /* Release */ = {
			isa = XCBuildConfiguration;
			buildSettings = {
				ASSETCATALOG_COMPILER_APPICON_NAME = AppIcon;
				INFOPLIST_FILE = PitchPerfect/Info.plist;
				LD_RUNPATH_SEARCH_PATHS = "$(inherited) @executable_path/Frameworks";
				PRODUCT_BUNDLE_IDENTIFIER = com.pratikpatel.PitchPerfect;
				PRODUCT_NAME = "$(TARGET_NAME)";
				SWIFT_VERSION = 3.0;
			};
			name = Release;
		};
		3AAC15331D2119EC006FD8D4 /* Debug */ = {
			isa = XCBuildConfiguration;
			buildSettings = {
				BUNDLE_LOADER = "$(TEST_HOST)";
				INFOPLIST_FILE = PitchPerfectTests/Info.plist;
				LD_RUNPATH_SEARCH_PATHS = "$(inherited) @executable_path/Frameworks @loader_path/Frameworks";
				PRODUCT_BUNDLE_IDENTIFIER = com.pratikpatel.PitchPerfectTests;
				PRODUCT_NAME = "$(TARGET_NAME)";
				SWIFT_VERSION = 3.0;
				TEST_HOST = "$(BUILT_PRODUCTS_DIR)/PitchPerfect.app/PitchPerfect";
			};
			name = Debug;
		};
		3AAC15341D2119EC006FD8D4 /* Release */ = {
			isa = XCBuildConfiguration;
			buildSettings = {
				BUNDLE_LOADER = "$(TEST_HOST)";
				INFOPLIST_FILE = PitchPerfectTests/Info.plist;
				LD_RUNPATH_SEARCH_PATHS = "$(inherited) @executable_path/Frameworks @loader_path/Frameworks";
				PRODUCT_BUNDLE_IDENTIFIER = com.pratikpatel.PitchPerfectTests;
				PRODUCT_NAME = "$(TARGET_NAME)";
				SWIFT_VERSION = 3.0;
				TEST_HOST = "$(BUILT_PRODUCTS_DIR)/PitchPerfect.app/PitchPerfect";
			};
			name = Release;
		};
		3AAC15361D2119EC006FD8D4 /* Debug */ = {
			isa = XCBuildConfiguration;
			buildSettings = {
				INFOPLIST_FILE = PitchPerfectUITests/Info.plist;
				LD_RUNPATH_SEARCH_PATHS = "$(inherited) @executable_path/Frameworks @loader_path/Frameworks";
				PRODUCT_BUNDLE_IDENTIFIER = com.pratikpatel.PitchPerfectUITests;
				PRODUCT_NAME = "$(TARGET_NAME)";
				SWIFT_VERSION = 3.0;
				TEST_TARGET_NAME = PitchPerfect;
			};
			name = Debug;
		};
		3AAC15371D2119EC006FD8D4 /* Release */ = {
			isa = XCBuildConfiguration;
			buildSettings = {
				INFOPLIST_FILE = PitchPerfectUITests/Info.plist;
				LD_RUNPATH_SEARCH_PATHS = "$(inherited) @executable_path/Frameworks @loader_path/Frameworks";
				PRODUCT_BUNDLE_IDENTIFIER = com.pratikpatel.PitchPerfectUITests;
				PRODUCT_NAME = "$(TARGET_NAME)";
				SWIFT_VERSION = 3.0;
				TEST_TARGET_NAME = PitchPerfect;
			};
			name = Release;
		};
/* End XCBuildConfiguration section */

/* Begin XCConfigurationList section */
		3AAC15021D2119EC006FD8D4 /* Build configuration list for PBXProject "PitchPerfect" */ = {
			isa = XCConfigurationList;
			buildConfigurations = (
				3AAC152D1D2119EC006FD8D4 /* Debug */,
				3AAC152E1D2119EC006FD8D4 /* Release */,
			);
			defaultConfigurationIsVisible = 0;
			defaultConfigurationName = Release;
		};
		3AAC152F1D2119EC006FD8D4 /* Build configuration list for PBXNativeTarget "PitchPerfect" */ = {
			isa = XCConfigurationList;
			buildConfigurations = (
				3AAC15301D2119EC006FD8D4 /* Debug */,
				3AAC15311D2119EC006FD8D4 /* Release */,
			);
			defaultConfigurationIsVisible = 0;
			defaultConfigurationName = Release;
		};
		3AAC15321D2119EC006FD8D4 /* Build configuration list for PBXNativeTarget "PitchPerfectTests" */ = {
			isa = XCConfigurationList;
			buildConfigurations = (
				3AAC15331D2119EC006FD8D4 /* Debug */,
				3AAC15341D2119EC006FD8D4 /* Release */,
			);
			defaultConfigurationIsVisible = 0;
			defaultConfigurationName = Release;
		};
		3AAC15351D2119EC006FD8D4 /* Build configuration list for PBXNativeTarget "PitchPerfectUITests" */ = {
			isa = XCConfigurationList;
			buildConfigurations = (
				3AAC15361D2119EC006FD8D4 /* Debug */,
				3AAC15371D2119EC006FD8D4 /* Release */,
			);
			defaultConfigurationIsVisible = 0;
			defaultConfigurationName = Release;
		};
/* End XCConfigurationList section */
	};
	rootObject = 3AAC14FF1D2119EC006FD8D4 /* Project object */;
}
